
Microsoft Visual Studio Solution File, Format Version 12.00
# Visual Studio 15
VisualStudioVersion = 15.0.27428.2037
MinimumVisualStudioVersion = 10.0.40219.1
Project("{FAE04EC0-301F-11D3-BF4B-00C04F79EFBC}") = "BeingBeing", "BeingBeing\BeingBeing.csproj", "{DCF74E02-8E44-4C64-8A8A-5A3B850A2E27}"
EndProject
Global
	GlobalSection(SolutionConfigurationPlatforms) = preSolution
		Debug|Any CPU = Debug|Any CPU
		Release|Any CPU = Release|Any CPU
	EndGlobalSection
	GlobalSection(ProjectConfigurationPlatforms) = postSolution
		{DCF74E02-8E44-4C64-8A8A-5A3B850A2E27}.Debug|Any CPU.ActiveCfg = Debug|Any CPU
		{DCF74E02-8E44-4C64-8A8A-5A3B850A2E27}.Debug|Any CPU.Build.0 = Debug|Any CPU
		{DCF74E02-8E44-4C64-8A8A-5A3B850A2E27}.Release|Any CPU.ActiveCfg = Release|Any CPU
		{DCF74E02-8E44-4C64-8A8A-5A3B850A2E27}.Release|Any CPU.Build.0 = Release|Any CPU
	EndGlobalSection
	GlobalSection(SolutionProperties) = preSolution
		HideSolutionNode = FALSE
	EndGlobalSection
	GlobalSection(ExtensibilityGlobals) = postSolution
		SolutionGuid = {61A5D8AA-85C6-4B83-A223-C5D304A17A66}
	EndGlobalSection
EndGlobal
